Microsoft Visual Studio Solution File, Format Version 12.00
# Visual Studio Version 17
VisualStudioVersion = 17.5.2.0
MinimumVisualStudioVersion = 10.0.40219.1
Project("{FAE04EC0-301F-11D3-BF4B-00C04F79EFBC}") = "ChatAppWithViews", "ChatAppWithViews\ChatAppWithViews.csproj", "{8D85B118-B5B6-1916-20CB-E7673CBFA049}"
EndProject
Global
	GlobalSection(SolutionConfigurationPlatforms) = preSolution
		Debug|Any CPU = Debug|Any CPU
		Release|Any CPU = Release|Any CPU
	EndGlobalSection
	GlobalSection(ProjectConfigurationPlatforms) = postSolution
		{8D85B118-B5B6-1916-20CB-E7673CBFA049}.Debug|Any CPU.ActiveCfg = Debug|Any CPU
		{8D85B118-B5B6-1916-20CB-E7673CBFA049}.Debug|Any CPU.Build.0 = Debug|Any CPU
		{8D85B118-B5B6-1916-20CB-E7673CBFA049}.Release|Any CPU.ActiveCfg = Release|Any CPU
		{8D85B118-B5B6-1916-20CB-E7673CBFA049}.Release|Any CPU.Build.0 = Release|Any CPU
	EndGlobalSection
	GlobalSection(SolutionProperties) = preSolution
		HideSolutionNode = FALSE
	EndGlobalSection
	GlobalSection(ExtensibilityGlobals) = postSolution
		SolutionGuid = {D088F516-2201-4789-9216-D095A0281693}
	EndGlobalSection
EndGlobal
